
Microsoft Visual Studio Solution File, Format Version 12.00
# Visual Studio Version 16
VisualStudioVersion = 16.0.31702.278
MinimumVisualStudioVersion = 10.0.40219.1
Project("{FAE04EC0-301F-11D3-BF4B-00C04F79EFBC}") = "SnakeGameRepo", "SnakeGameRepo\SnakeGameRepo.csproj", "{4259C3EB-1EDC-4D84-BEDB-0B36D64E421C}"
EndProject
Global
	GlobalSection(SolutionConfigurationPlatforms) = preSolution
		Debug|Any CPU = Debug|Any CPU
		Release|Any CPU = Release|Any CPU
	EndGlobalSection
	GlobalSection(ProjectConfigurationPlatforms) = postSolution
		{4259C3EB-1EDC-4D84-BEDB-0B36D64E421C}.Debug|Any CPU.ActiveCfg = Debug|Any CPU
		{4259C3EB-1EDC-4D84-BEDB-0B36D64E421C}.Debug|Any CPU.Build.0 = Debug|Any CPU
		{4259C3EB-1EDC-4D84-BEDB-0B36D64E421C}.Release|Any CPU.ActiveCfg = Release|Any CPU
		{4259C3EB-1EDC-4D84-BEDB-0B36D64E421C}.Release|Any CPU.Build.0 = Release|Any CPU
	EndGlobalSection
	GlobalSection(SolutionProperties) = preSolution
		HideSolutionNode = FALSE
	EndGlobalSection
	GlobalSection(ExtensibilityGlobals) = postSolution
		SolutionGuid = {A188523F-4392-42BD-810A-5B5388DD0283}
	EndGlobalSection
EndGlobal
